
Microsoft Visual Studio Solution File, Format Version 12.00
# Visual Studio Version 17
VisualStudioVersion = 17.11.35312.102
MinimumVisualStudioVersion = 10.0.40219.1
Project("{FAE04EC0-301F-11D3-BF4B-00C04F79EFBC}") = "Ejercicio1-Abstraccion", "Ejercicio1-Abstraccion\Ejercicio1-Abstraccion.csproj", "{6C8BFD97-2620-4332-95A0-CDD837FEBE82}"
EndProject
Project("{FAE04EC0-301F-11D3-BF4B-00C04F79EFBC}") = "Ejercicio2-Gimnasio", "Ejercicio2-Gimnasio\Ejercicio2-Gimnasio.csproj", "{B4008C4B-F4C5-4B44-AE32-DC83ADCBE8C3}"
EndProject
Global
	GlobalSection(SolutionConfigurationPlatforms) = preSolution
		Debug|Any CPU = Debug|Any CPU
		Release|Any CPU = Release|Any CPU
	EndGlobalSection
	GlobalSection(ProjectConfigurationPlatforms) = postSolution
		{6C8BFD97-2620-4332-95A0-CDD837FEBE82}.Debug|Any CPU.ActiveCfg = Debug|Any CPU
		{6C8BFD97-2620-4332-95A0-CDD837FEBE82}.Debug|Any CPU.Build.0 = Debug|Any CPU
		{6C8BFD97-2620-4332-95A0-CDD837FEBE82}.Release|Any CPU.ActiveCfg = Release|Any CPU
		{6C8BFD97-2620-4332-95A0-CDD837FEBE82}.Release|Any CPU.Build.0 = Release|Any CPU
		{B4008C4B-F4C5-4B44-AE32-DC83ADCBE8C3}.Debug|Any CPU.ActiveCfg = Debug|Any CPU
		{B4008C4B-F4C5-4B44-AE32-DC83ADCBE8C3}.Debug|Any CPU.Build.0 = Debug|Any CPU
		{B4008C4B-F4C5-4B44-AE32-DC83ADCBE8C3}.Release|Any CPU.ActiveCfg = Release|Any CPU
		{B4008C4B-F4C5-4B44-AE32-DC83ADCBE8C3}.Release|Any CPU.Build.0 = Release|Any CPU
	EndGlobalSection
	GlobalSection(SolutionProperties) = preSolution
		HideSolutionNode = FALSE
	EndGlobalSection
	GlobalSection(ExtensibilityGlobals) = postSolution
		SolutionGuid = {DCBD83B9-F00F-4F19-A808-D474566BEC86}
	EndGlobalSection
EndGlobal
